
Microsoft Visual Studio Solution File, Format Version 12.00
# Visual Studio Version 17
VisualStudioVersion = 17.9.34723.18
MinimumVisualStudioVersion = 10.0.40219.1
Project("{FAE04EC0-301F-11D3-BF4B-00C04F79EFBC}") = "ContosoUniversityBackend", "ContosoUniversityBackend\ContosoUniversityBackend.csproj", "{A17621E5-7365-4F30-8A7F-8954B09F966C}"
EndProject
Global
	GlobalSection(SolutionConfigurationPlatforms) = preSolution
		Debug|Any CPU = Debug|Any CPU
		Release|Any CPU = Release|Any CPU
	EndGlobalSection
	GlobalSection(ProjectConfigurationPlatforms) = postSolution
		{A17621E5-7365-4F30-8A7F-8954B09F966C}.Debug|Any CPU.ActiveCfg = Debug|Any CPU
		{A17621E5-7365-4F30-8A7F-8954B09F966C}.Debug|Any CPU.Build.0 = Debug|Any CPU
		{A17621E5-7365-4F30-8A7F-8954B09F966C}.Release|Any CPU.ActiveCfg = Release|Any CPU
		{A17621E5-7365-4F30-8A7F-8954B09F966C}.Release|Any CPU.Build.0 = Release|Any CPU
	EndGlobalSection
	GlobalSection(SolutionProperties) = preSolution
		HideSolutionNode = FALSE
	EndGlobalSection
	GlobalSection(ExtensibilityGlobals) = postSolution
		SolutionGuid = {583E55A1-8196-479E-8059-50C10FC7D796}
	EndGlobalSection
EndGlobal
